
Microsoft Visual Studio Solution File, Format Version 12.00
# Visual Studio Version 17
VisualStudioVersion = 17.11.35208.52
MinimumVisualStudioVersion = 10.0.40219.1
Project("{9A19103F-16F7-4668-BE54-9A1E7A4F7556}") = "Calc", "Calc\Calc.csproj", "{3660BF16-8D72-4507-94C5-83A540C889A0}"
EndProject
Project("{9A19103F-16F7-4668-BE54-9A1E7A4F7556}") = "ToDo", "ToDo\ToDo.csproj", "{62797253-C58B-4FB4-89B9-CF3F493F1547}"
EndProject
Project("{9A19103F-16F7-4668-BE54-9A1E7A4F7556}") = "DiceRoll", "DiceRoll\DiceRoll.csproj", "{BE669D82-C28A-48E8-B4C3-545381935A02}"
EndProject
Project("{2150E333-8FDC-42A3-9474-1A3956D46DE8}") = "Solution Items", "Solution Items", "{DEB5E76C-4CC7-4A90-A4DF-6B4404DA1FF0}"
	ProjectSection(SolutionItems) = preProject
		readme.md = readme.md
	EndProjectSection
EndProject
Project("{FAE04EC0-301F-11D3-BF4B-00C04F79EFBC}") = "CookieCookbook", "CookieCookbook\CookieCookbook.csproj", "{F10F4B7F-42AF-4C9F-AAF5-D14B4873D64A}"
EndProject
Global
	GlobalSection(SolutionConfigurationPlatforms) = preSolution
		Debug|Any CPU = Debug|Any CPU
		Release|Any CPU = Release|Any CPU
	EndGlobalSection
	GlobalSection(ProjectConfigurationPlatforms) = postSolution
		{3660BF16-8D72-4507-94C5-83A540C889A0}.Debug|Any CPU.ActiveCfg = Debug|Any CPU
		{3660BF16-8D72-4507-94C5-83A540C889A0}.Debug|Any CPU.Build.0 = Debug|Any CPU
		{3660BF16-8D72-4507-94C5-83A540C889A0}.Release|Any CPU.ActiveCfg = Release|Any CPU
		{3660BF16-8D72-4507-94C5-83A540C889A0}.Release|Any CPU.Build.0 = Release|Any CPU
		{62797253-C58B-4FB4-89B9-CF3F493F1547}.Debug|Any CPU.ActiveCfg = Debug|Any CPU
		{62797253-C58B-4FB4-89B9-CF3F493F1547}.Debug|Any CPU.Build.0 = Debug|Any CPU
		{62797253-C58B-4FB4-89B9-CF3F493F1547}.Release|Any CPU.ActiveCfg = Release|Any CPU
		{62797253-C58B-4FB4-89B9-CF3F493F1547}.Release|Any CPU.Build.0 = Release|Any CPU
		{BE669D82-C28A-48E8-B4C3-545381935A02}.Debug|Any CPU.ActiveCfg = Debug|Any CPU
		{BE669D82-C28A-48E8-B4C3-545381935A02}.Debug|Any CPU.Build.0 = Debug|Any CPU
		{BE669D82-C28A-48E8-B4C3-545381935A02}.Release|Any CPU.ActiveCfg = Release|Any CPU
		{BE669D82-C28A-48E8-B4C3-545381935A02}.Release|Any CPU.Build.0 = Release|Any CPU
		{F10F4B7F-42AF-4C9F-AAF5-D14B4873D64A}.Debug|Any CPU.ActiveCfg = Debug|Any CPU
		{F10F4B7F-42AF-4C9F-AAF5-D14B4873D64A}.Debug|Any CPU.Build.0 = Debug|Any CPU
		{F10F4B7F-42AF-4C9F-AAF5-D14B4873D64A}.Release|Any CPU.ActiveCfg = Release|Any CPU
		{F10F4B7F-42AF-4C9F-AAF5-D14B4873D64A}.Release|Any CPU.Build.0 = Release|Any CPU
	EndGlobalSection
	GlobalSection(SolutionProperties) = preSolution
		HideSolutionNode = FALSE
	EndGlobalSection
	GlobalSection(ExtensibilityGlobals) = postSolution
		SolutionGuid = {1C0638C6-D720-4A4D-8E45-E0ABF3478251}
	EndGlobalSection
EndGlobal
